{
  "version": 4,
  "terraform_version": "1.0.4",
  "serial": 14,
  "lineage": "dc1ff59c-6d39-c08a-63b6-d67cbe7e8473",
  "outputs": {},
  "resources": [
    {
      "mode": "managed",
      "type": "azurerm_app_service",
      "name": "Webapp",
      "provider": "provider[\"registry.terraform.io/hashicorp/azurerm\"]",
      "instances": [
        {
          "schema_version": 0,
          "attributes": {
            "app_service_plan_id": "/subscriptions/23be0ee3-e99f-4f54-ac95-5fe343c8472b/resourceGroups/RG-Terra-Resources/providers/Microsoft.Web/serverfarms/ASP-Terra-EU",
            "app_settings": {
              "DeviceId": "2",
              "DeviceName": "SampleDevice"
            },
            "auth_settings": [
              {
                "active_directory": [],
                "additional_login_params": {},
                "allowed_external_redirect_urls": [],
                "default_provider": "",
                "enabled": false,
                "facebook": [],
                "google": [],
                "issuer": "",
                "microsoft": [],
                "runtime_version": "",
                "token_refresh_extension_hours": 0,
                "token_store_enabled": false,
                "twitter": [],
                "unauthenticated_client_action": ""
              }
            ],
            "backup": [],
            "client_affinity_enabled": false,
            "client_cert_enabled": false,
            "connection_string": [],
            "custom_domain_verification_id": "46647F14C7CFF206BB2B3DE1F3C59A3F8CC4298833BFB3A44739F707E5EB81E2",
            "default_site_hostname": "webapp-terra-eu.azurewebsites.net",
            "enabled": true,
            "https_only": false,
            "id": "/subscriptions/23be0ee3-e99f-4f54-ac95-5fe343c8472b/resourceGroups/RG-Terra-Resources/providers/Microsoft.Web/sites/Webapp-Terra-EU",
            "identity": [],
            "location": "northeurope",
            "logs": [
              {
                "application_logs": [
                  {
                    "azure_blob_storage": [],
                    "file_system_level": "Off"
                  }
                ],
                "detailed_error_messages_enabled": false,
                "failed_request_tracing_enabled": false,
                "http_logs": [
                  {
                    "azure_blob_storage": [],
                    "file_system": []
                  }
                ]
              }
            ],
            "name": "Webapp-Terra-EU",
            "outbound_ip_address_list": [
              "20.82.212.13",
              "20.82.212.115",
              "20.82.213.88",
              "20.82.213.207",
              "20.82.214.133",
              "20.82.214.158",
              "20.50.64.20"
            ],
            "outbound_ip_addresses": "20.82.212.13,20.82.212.115,20.82.213.88,20.82.213.207,20.82.214.133,20.82.214.158,20.50.64.20",
            "possible_outbound_ip_address_list": [
              "20.82.212.13",
              "20.82.212.115",
              "20.82.213.88",
              "20.82.213.207",
              "20.82.214.133",
              "20.82.214.158",
              "20.82.214.181",
              "20.82.214.243",
              "20.82.215.3",
              "20.82.215.32",
              "20.82.215.36",
              "20.82.215.79",
              "20.82.215.93",
              "20.82.215.116",
              "20.82.215.121",
              "20.82.215.144",
              "20.82.211.168",
              "20.82.211.173",
              "20.82.215.175",
              "20.82.215.195",
              "20.82.211.191",
              "20.82.215.199",
              "20.82.215.205",
              "20.82.215.212",
              "20.93.24.7",
              "20.93.24.38",
              "20.93.24.45",
              "20.93.24.48",
              "20.93.24.50",
              "20.82.214.26",
              "20.50.64.20"
            ],
            "possible_outbound_ip_addresses": "20.82.212.13,20.82.212.115,20.82.213.88,20.82.213.207,20.82.214.133,20.82.214.158,20.82.214.181,20.82.214.243,20.82.215.3,20.82.215.32,20.82.215.36,20.82.215.79,20.82.215.93,20.82.215.116,20.82.215.121,20.82.215.144,20.82.211.168,20.82.211.173,20.82.215.175,20.82.215.195,20.82.211.191,20.82.215.199,20.82.215.205,20.82.215.212,20.93.24.7,20.93.24.38,20.93.24.45,20.93.24.48,20.93.24.50,20.82.214.26,20.50.64.20",
            "resource_group_name": "RG-Terra-Resources",
            "site_config": [
              {
                "always_on": false,
                "app_command_line": "",
                "auto_swap_slot_name": "",
                "cors": [],
                "default_documents": [
                  "Default.htm",
                  "Default.html",
                  "Default.asp",
                  "index.htm",
                  "index.html",
                  "iisstart.htm",
                  "default.aspx",
                  "index.php",
                  "hostingstart.html"
                ],
                "dotnet_framework_version": "v4.0",
                "ftps_state": "AllAllowed",
                "health_check_path": "",
                "http2_enabled": false,
                "ip_restriction": [],
                "java_container": "",
                "java_container_version": "",
                "java_version": "",
                "linux_fx_version": "",
                "local_mysql_enabled": false,
                "managed_pipeline_mode": "Integrated",
                "min_tls_version": "1.2",
                "number_of_workers": 1,
                "php_version": "5.6",
                "python_version": "",
                "remote_debugging_enabled": false,
                "remote_debugging_version": "VS2019",
                "scm_ip_restriction": [],
                "scm_type": "VSTSRM",
                "scm_use_main_ip_restriction": false,
                "use_32_bit_worker_process": true,
                "websockets_enabled": false,
                "windows_fx_version": ""
              }
            ],
            "site_credential": [
              {
                "password": "RMjb1RNFgQJ1d8hnwoYcxi0zzStJEhD9tz4QQxnyRn3i3okBCNDPjS8Drgr7",
                "username": "$Webapp-Terra-EU"
              }
            ],
            "source_control": [
              {
                "branch": "master",
                "manual_integration": false,
                "repo_url": "VSTSRM",
                "rollback_enabled": false,
                "use_mercurial": false
              }
            ],
            "storage_account": [],
            "tags": {},
            "timeouts": null
          },
          "sensitive_attributes": [],
          "private": "eyJlMmJmYjczMC1lY2FhLTExZTYtOGY4OC0zNDM2M2JjN2M0YzAiOnsiY3JlYXRlIjoxODAwMDAwMDAwMDAwLCJkZWxldGUiOjE4MDAwMDAwMDAwMDAsInJlYWQiOjMwMDAwMDAwMDAwMCwidXBkYXRlIjoxODAwMDAwMDAwMDAwfX0=",
          "dependencies": [
            "azurerm_app_service_plan.ASP",
            "azurerm_resource_group.RG"
          ]
        }
      ]
    },
    {
      "mode": "managed",
      "type": "azurerm_app_service_plan",
      "name": "ASP",
      "provider": "provider[\"registry.terraform.io/hashicorp/azurerm\"]",
      "instances": [
        {
          "schema_version": 0,
          "attributes": {
            "app_service_environment_id": "",
            "id": "/subscriptions/23be0ee3-e99f-4f54-ac95-5fe343c8472b/resourceGroups/RG-Terra-Resources/providers/Microsoft.Web/serverfarms/ASP-Terra-EU",
            "is_xenon": false,
            "kind": "Windows",
            "location": "northeurope",
            "maximum_elastic_worker_count": 1,
            "maximum_number_of_workers": 1,
            "name": "ASP-Terra-EU",
            "per_site_scaling": false,
            "reserved": false,
            "resource_group_name": "RG-Terra-Resources",
            "sku": [
              {
                "capacity": 0,
                "size": "F1",
                "tier": "Free"
              }
            ],
            "tags": {},
            "timeouts": null
          },
          "sensitive_attributes": [],
          "private": "eyJlMmJmYjczMC1lY2FhLTExZTYtOGY4OC0zNDM2M2JjN2M0YzAiOnsiY3JlYXRlIjozNjAwMDAwMDAwMDAwLCJkZWxldGUiOjM2MDAwMDAwMDAwMDAsInJlYWQiOjMwMDAwMDAwMDAwMCwidXBkYXRlIjozNjAwMDAwMDAwMDAwfX0=",
          "dependencies": [
            "azurerm_resource_group.RG"
          ]
        }
      ]
    },
    {
      "mode": "managed",
      "type": "azurerm_resource_group",
      "name": "RG",
      "provider": "provider[\"registry.terraform.io/hashicorp/azurerm\"]",
      "instances": [
        {
          "schema_version": 0,
          "attributes": {
            "id": "/subscriptions/23be0ee3-e99f-4f54-ac95-5fe343c8472b/resourceGroups/RG-Terra-Resources",
            "location": "northeurope",
            "name": "RG-Terra-Resources",
            "tags": {},
            "timeouts": null
          },
          "sensitive_attributes": [],
          "private": "eyJlMmJmYjczMC1lY2FhLTExZTYtOGY4OC0zNDM2M2JjN2M0YzAiOnsiY3JlYXRlIjo1NDAwMDAwMDAwMDAwLCJkZWxldGUiOjU0MDAwMDAwMDAwMDAsInJlYWQiOjMwMDAwMDAwMDAwMCwidXBkYXRlIjo1NDAwMDAwMDAwMDAwfX0="
        }
      ]
    },
    {
      "mode": "managed",
      "type": "azurerm_storage_account",
      "name": "sa",
      "provider": "provider[\"registry.terraform.io/hashicorp/azurerm\"]",
      "instances": [
        {
          "schema_version": 2,
          "attributes": {
            "access_tier": "Hot",
            "account_kind": "StorageV2",
            "account_replication_type": "LRS",
            "account_tier": "Standard",
            "allow_blob_public_access": false,
            "blob_properties": [],
            "custom_domain": [],
            "enable_https_traffic_only": true,
            "id": "/subscriptions/23be0ee3-e99f-4f54-ac95-5fe343c8472b/resourceGroups/RG-Terra-Resources/providers/Microsoft.Storage/storageAccounts/storagemulticontainers",
            "identity": [],
            "is_hns_enabled": false,
            "large_file_share_enabled": null,
            "location": "northeurope",
            "min_tls_version": "TLS1_0",
            "name": "storagemulticontainers",
            "network_rules": [
              {
                "bypass": [
                  "AzureServices"
                ],
                "default_action": "Allow",
                "ip_rules": [],
                "virtual_network_subnet_ids": []
              }
            ],
            "primary_access_key": "pU0GOvkqFo324Vyh6eXE44RJ4727XxEdSBWX7fYhaBrQOhVDsO6LbRK57kd01KWwXaIe66xsTiMwtfJZDPOrRQ==",
            "primary_blob_connection_string": "DefaultEndpointsProtocol=https;BlobEndpoint=https://storagemulticontainers.blob.core.windows.net/;AccountName=storagemulticontainers;AccountKey=pU0GOvkqFo324Vyh6eXE44RJ4727XxEdSBWX7fYhaBrQOhVDsO6LbRK57kd01KWwXaIe66xsTiMwtfJZDPOrRQ==",
            "primary_blob_endpoint": "https://storagemulticontainers.blob.core.windows.net/",
            "primary_blob_host": "storagemulticontainers.blob.core.windows.net",
            "primary_connection_string": "DefaultEndpointsProtocol=https;AccountName=storagemulticontainers;AccountKey=pU0GOvkqFo324Vyh6eXE44RJ4727XxEdSBWX7fYhaBrQOhVDsO6LbRK57kd01KWwXaIe66xsTiMwtfJZDPOrRQ==;EndpointSuffix=core.windows.net",
            "primary_dfs_endpoint": "https://storagemulticontainers.dfs.core.windows.net/",
            "primary_dfs_host": "storagemulticontainers.dfs.core.windows.net",
            "primary_file_endpoint": "https://storagemulticontainers.file.core.windows.net/",
            "primary_file_host": "storagemulticontainers.file.core.windows.net",
            "primary_location": "northeurope",
            "primary_queue_endpoint": "https://storagemulticontainers.queue.core.windows.net/",
            "primary_queue_host": "storagemulticontainers.queue.core.windows.net",
            "primary_table_endpoint": "https://storagemulticontainers.table.core.windows.net/",
            "primary_table_host": "storagemulticontainers.table.core.windows.net",
            "primary_web_endpoint": "https://storagemulticontainers.z16.web.core.windows.net/",
            "primary_web_host": "storagemulticontainers.z16.web.core.windows.net",
            "queue_properties": [
              {
                "cors_rule": [],
                "hour_metrics": [
                  {
                    "enabled": true,
                    "include_apis": true,
                    "retention_policy_days": 7,
                    "version": "1.0"
                  }
                ],
                "logging": [
                  {
                    "delete": false,
                    "read": false,
                    "retention_policy_days": 0,
                    "version": "1.0",
                    "write": false
                  }
                ],
                "minute_metrics": [
                  {
                    "enabled": false,
                    "include_apis": false,
                    "retention_policy_days": 0,
                    "version": "1.0"
                  }
                ]
              }
            ],
            "resource_group_name": "RG-Terra-Resources",
            "secondary_access_key": "hdP6qJ2h+ijgdpPhtNy5q/rxXnSUpTttC6tcBdmIvI0h+0qI0Jsmsb6NBD1+N2EmAXQV64vtJd+9HTxXmfkTMw==",
            "secondary_blob_connection_string": "",
            "secondary_blob_endpoint": null,
            "secondary_blob_host": null,
            "secondary_connection_string": "DefaultEndpointsProtocol=https;AccountName=storagemulticontainers;AccountKey=hdP6qJ2h+ijgdpPhtNy5q/rxXnSUpTttC6tcBdmIvI0h+0qI0Jsmsb6NBD1+N2EmAXQV64vtJd+9HTxXmfkTMw==;EndpointSuffix=core.windows.net",
            "secondary_dfs_endpoint": null,
            "secondary_dfs_host": null,
            "secondary_file_endpoint": null,
            "secondary_file_host": null,
            "secondary_location": "",
            "secondary_queue_endpoint": null,
            "secondary_queue_host": null,
            "secondary_table_endpoint": null,
            "secondary_table_host": null,
            "secondary_web_endpoint": null,
            "secondary_web_host": null,
            "static_website": [],
            "tags": null,
            "timeouts": null
          },
          "sensitive_attributes": [],
          "private": "eyJlMmJmYjczMC1lY2FhLTExZTYtOGY4OC0zNDM2M2JjN2M0YzAiOnsiY3JlYXRlIjozNjAwMDAwMDAwMDAwLCJkZWxldGUiOjM2MDAwMDAwMDAwMDAsInJlYWQiOjMwMDAwMDAwMDAwMCwidXBkYXRlIjozNjAwMDAwMDAwMDAwfSwic2NoZW1hX3ZlcnNpb24iOiIyIn0=",
          "dependencies": [
            "azurerm_resource_group.RG"
          ]
        }
      ]
    },
    {
      "mode": "managed",
      "type": "azurerm_storage_container",
      "name": "ct",
      "provider": "provider[\"registry.terraform.io/hashicorp/azurerm\"]",
      "instances": [
        {
          "index_key": 0,
          "schema_version": 1,
          "attributes": {
            "container_access_type": "private",
            "has_immutability_policy": false,
            "has_legal_hold": false,
            "id": "https://storagemulticontainers.blob.core.windows.net/terraformstatedev",
            "metadata": {},
            "name": "terraformstatedev",
            "resource_manager_id": "/subscriptions/23be0ee3-e99f-4f54-ac95-5fe343c8472b/resourceGroups/RG-Terra-Resources/providers/Microsoft.Storage/storageAccounts/storagemulticontainers/blobServices/default/containers/terraformstatedev",
            "storage_account_name": "storagemulticontainers",
            "timeouts": null
          },
          "sensitive_attributes": [],
          "private": "eyJlMmJmYjczMC1lY2FhLTExZTYtOGY4OC0zNDM2M2JjN2M0YzAiOnsiY3JlYXRlIjoxODAwMDAwMDAwMDAwLCJkZWxldGUiOjE4MDAwMDAwMDAwMDAsInJlYWQiOjMwMDAwMDAwMDAwMCwidXBkYXRlIjoxODAwMDAwMDAwMDAwfSwic2NoZW1hX3ZlcnNpb24iOiIxIn0=",
          "dependencies": [
            "azurerm_resource_group.RG",
            "azurerm_storage_account.sa"
          ]
        },
        {
          "index_key": 1,
          "schema_version": 1,
          "attributes": {
            "container_access_type": "private",
            "has_immutability_policy": false,
            "has_legal_hold": false,
            "id": "https://storagemulticontainers.blob.core.windows.net/terraformstatetest",
            "metadata": {},
            "name": "terraformstatetest",
            "resource_manager_id": "/subscriptions/23be0ee3-e99f-4f54-ac95-5fe343c8472b/resourceGroups/RG-Terra-Resources/providers/Microsoft.Storage/storageAccounts/storagemulticontainers/blobServices/default/containers/terraformstatetest",
            "storage_account_name": "storagemulticontainers",
            "timeouts": null
          },
          "sensitive_attributes": [],
          "private": "eyJlMmJmYjczMC1lY2FhLTExZTYtOGY4OC0zNDM2M2JjN2M0YzAiOnsiY3JlYXRlIjoxODAwMDAwMDAwMDAwLCJkZWxldGUiOjE4MDAwMDAwMDAwMDAsInJlYWQiOjMwMDAwMDAwMDAwMCwidXBkYXRlIjoxODAwMDAwMDAwMDAwfSwic2NoZW1hX3ZlcnNpb24iOiIxIn0=",
          "dependencies": [
            "azurerm_resource_group.RG",
            "azurerm_storage_account.sa"
          ]
        },
        {
          "index_key": 2,
          "schema_version": 1,
          "attributes": {
            "container_access_type": "private",
            "has_immutability_policy": false,
            "has_legal_hold": false,
            "id": "https://storagemulticontainers.blob.core.windows.net/terraformstatestaging",
            "metadata": {},
            "name": "terraformstatestaging",
            "resource_manager_id": "/subscriptions/23be0ee3-e99f-4f54-ac95-5fe343c8472b/resourceGroups/RG-Terra-Resources/providers/Microsoft.Storage/storageAccounts/storagemulticontainers/blobServices/default/containers/terraformstatestaging",
            "storage_account_name": "storagemulticontainers",
            "timeouts": null
          },
          "sensitive_attributes": [],
          "private": "eyJlMmJmYjczMC1lY2FhLTExZTYtOGY4OC0zNDM2M2JjN2M0YzAiOnsiY3JlYXRlIjoxODAwMDAwMDAwMDAwLCJkZWxldGUiOjE4MDAwMDAwMDAwMDAsInJlYWQiOjMwMDAwMDAwMDAwMCwidXBkYXRlIjoxODAwMDAwMDAwMDAwfSwic2NoZW1hX3ZlcnNpb24iOiIxIn0=",
          "dependencies": [
            "azurerm_resource_group.RG",
            "azurerm_storage_account.sa"
          ]
        },
        {
          "index_key": 3,
          "schema_version": 1,
          "attributes": {
            "container_access_type": "private",
            "has_immutability_policy": false,
            "has_legal_hold": false,
            "id": "https://storagemulticontainers.blob.core.windows.net/terraformstateproduction",
            "metadata": {},
            "name": "terraformstateproduction",
            "resource_manager_id": "/subscriptions/23be0ee3-e99f-4f54-ac95-5fe343c8472b/resourceGroups/RG-Terra-Resources/providers/Microsoft.Storage/storageAccounts/storagemulticontainers/blobServices/default/containers/terraformstateproduction",
            "storage_account_name": "storagemulticontainers",
            "timeouts": null
          },
          "sensitive_attributes": [],
          "private": "eyJlMmJmYjczMC1lY2FhLTExZTYtOGY4OC0zNDM2M2JjN2M0YzAiOnsiY3JlYXRlIjoxODAwMDAwMDAwMDAwLCJkZWxldGUiOjE4MDAwMDAwMDAwMDAsInJlYWQiOjMwMDAwMDAwMDAwMCwidXBkYXRlIjoxODAwMDAwMDAwMDAwfSwic2NoZW1hX3ZlcnNpb24iOiIxIn0=",
          "dependencies": [
            "azurerm_resource_group.RG",
            "azurerm_storage_account.sa"
          ]
        }
      ]
    }
  ]
}
